// !$*UTF8*$!
{
	archiveVersion = 1;
	classes = {
	};
	objectVersion = 46;
	objects = {

/* Begin PBXBuildFile section */
		A43FB7D318F2A07B007EE96C /* Foundation.framework in Frameworks */ = {isa = PBXBuildFile; fileRef = A43FB7D218F2A07B007EE96C /* Foundation.framework */; };
		A43FB7D518F2A07B007EE96C /* CoreGraphics.framework in Frameworks */ = {isa = PBXBuildFile; fileRef = A43FB7D418F2A07B007EE96C /* CoreGraphics.framework */; };
		A43FB7D718F2A07B007EE96C /* UIKit.framework in Frameworks */ = {isa = PBXBuildFile; fileRef = A43FB7D618F2A07B007EE96C /* UIKit.framework */; };
		A43FB7DD18F2A07B007EE96C /* InfoPlist.strings in Resources */ = {isa = PBXBuildFile; fileRef = A43FB7DB18F2A07B007EE96C /* InfoPlist.strings */; };
		A43FB7DF18F2A07B007EE96C /* main.m in Sources */ = {isa = PBXBuildFile; fileRef = A43FB7DE18F2A07B007EE96C /* main.m */; };
		A43FB7E318F2A07B007EE96C /* GWAppDelegate.m in Sources */ = {isa = PBXBuildFile; fileRef = A43FB7E218F2A07B007EE96C /* GWAppDelegate.m */; };
		A43FB7E618F2A07B007EE96C /* Main.storyboard in Resources */ = {isa = PBXBuildFile; fileRef = A43FB7E418F2A07B007EE96C /* Main.storyboard */; };
		A43FB7E918F2A07B007EE96C /* GWViewController.m in Sources */ = {isa = PBXBuildFile; fileRef = A43FB7E818F2A07B007EE96C /* GWViewController.m */; };
		A43FB7EB18F2A07B007EE96C /* Images.xcassets in Resources */ = {isa = PBXBuildFile; fileRef = A43FB7EA18F2A07B007EE96C /* Images.xcassets */; };
		A43FB7F218F2A07B007EE96C /* XCTest.framework in Frameworks */ = {isa = PBXBuildFile; fileRef = A43FB7F118F2A07B007EE96C /* XCTest.framework */; };
		A43FB7F318F2A07B007EE96C /* Foundation.framework in Frameworks */ = {isa = PBXBuildFile; fileRef = A43FB7D218F2A07B007EE96C /* Foundation.framework */; };
		A43FB7F418F2A07B007EE96C /* UIKit.framework in Frameworks */ = {isa = PBXBuildFile; fileRef = A43FB7D618F2A07B007EE96C /* UIKit.framework */; };
		A43FB7FC18F2A07B007EE96C /* InfoPlist.strings in Resources */ = {isa = PBXBuildFile; fileRef = A43FB7FA18F2A07B007EE96C /* InfoPlist.strings */; };
		A43FB7FE18F2A07B007EE96C /* iOS_CalcTests.m in Sources */ = {isa = PBXBuildFile; fileRef = A43FB7FD18F2A07B007EE96C /* iOS_CalcTests.m */; };
		A43FB80918F2A7FD007EE96C /* GWCoreCalculator.m in Sources */ = {isa = PBXBuildFile; fileRef = A43FB80818F2A7FD007EE96C /* GWCoreCalculator.m */; };
		A4BCCFC818F2EF02008EF6E1 /* GWNumNode.m in Sources */ = {isa = PBXBuildFile; fileRef = A4BCCFC718F2EF02008EF6E1 /* GWNumNode.m */; };
/* End PBXBuildFile section */

/* Begin PBXContainerItemProxy section */
		A43FB7F518F2A07B007EE96C /* PBXContainerItemProxy */ = {
			isa = PBXContainerItemProxy;
			containerPortal = A43FB7C718F2A07B007EE96C /* Project object */;
			proxyType = 1;
			remoteGlobalIDString = A43FB7CE18F2A07B007EE96C;
			remoteInfo = iOS_Calc;
		};
/* End PBXContainerItemProxy section */

/* Begin PBXFileReference section */
		A43FB7CF18F2A07B007EE96C /* iOS_Calc.app */ = {isa = PBXFileReference; explicitFileType = wrapper.application; includeInIndex = 0; path = iOS_Calc.app; sourceTree = BUILT_PRODUCTS_DIR; };
		A43FB7D218F2A07B007EE96C /* Foundation.framework */ = {isa = PBXFileReference; lastKnownFileType = wrapper.framework; name = Foundation.framework; path = System/Library/Frameworks/Foundation.framework; sourceTree = SDKROOT; };
		A43FB7D418F2A07B007EE96C /* CoreGraphics.framework */ = {isa = PBXFileReference; lastKnownFileType = wrapper.framework; name = CoreGraphics.framework; path = System/Library/Frameworks/CoreGraphics.framework; sourceTree = SDKROOT; };
		A43FB7D618F2A07B007EE96C /* UIKit.framework */ = {isa = PBXFileReference; lastKnownFileType = wrapper.framework; name = UIKit.framework; path = System/Library/Frameworks/UIKit.framework; sourceTree = SDKROOT; };
		A43FB7DA18F2A07B007EE96C /* iOS_Calc-Info.plist */ = {isa = PBXFileReference; lastKnownFileType = text.plist.xml; path = "iOS_Calc-Info.plist"; sourceTree = "<group>"; };
		A43FB7DC18F2A07B007EE96C /* en */ = {isa = PBXFileReference; lastKnownFileType = text.plist.strings; name = en; path = en.lproj/InfoPlist.strings; sourceTree = "<group>"; };
		A43FB7DE18F2A07B007EE96C /* main.m */ = {isa = PBXFileReference; lastKnownFileType = sourcecode.c.objc; path = main.m; sourceTree = "<group>"; };
		A43FB7E018F2A07B007EE96C /* iOS_Calc-Prefix.pch */ = {isa = PBXFileReference; lastKnownFileType = sourcecode.c.h; path = "iOS_Calc-Prefix.pch"; sourceTree = "<group>"; };
		A43FB7E118F2A07B007EE96C /* GWAppDelegate.h */ = {isa = PBXFileReference; lastKnownFileType = sourcecode.c.h; path = GWAppDelegate.h; sourceTree = "<group>"; };
		A43FB7E218F2A07B007EE96C /* GWAppDelegate.m */ = {isa = PBXFileReference; lastKnownFileType = sourcecode.c.objc; path = GWAppDelegate.m; sourceTree = "<group>"; };
		A43FB7E518F2A07B007EE96C /* Base */ = {isa = PBXFileReference; lastKnownFileType = file.storyboard; name = Base; path = Base.lproj/Main.storyboard; sourceTree = "<group>"; };
		A43FB7E718F2A07B007EE96C /* GWViewController.h */ = {isa = PBXFileReference; lastKnownFileType = sourcecode.c.h; path = GWViewController.h; sourceTree = "<group>"; };
		A43FB7E818F2A07B007EE96C /* GWViewController.m */ = {isa = PBXFileReference; lastKnownFileType = sourcecode.c.objc; path = GWViewController.m; sourceTree = "<group>"; };
		A43FB7EA18F2A07B007EE96C /* Images.xcassets */ = {isa = PBXFileReference; lastKnownFileType = folder.assetcatalog; path = Images.xcassets; sourceTree = "<group>"; };
		A43FB7F018F2A07B007EE96C /* iOS_CalcTests.xctest */ = {isa = PBXFileReference; explicitFileType = wrapper.cfbundle; includeInIndex = 0; path = iOS_CalcTests.xctest; sourceTree = BUILT_PRODUCTS_DIR; };
		A43FB7F118F2A07B007EE96C /* XCTest.framework */ = {isa = PBXFileReference; lastKnownFileType = wrapper.framework; name = XCTest.framework; path = Library/Frameworks/XCTest.framework; sourceTree = DEVELOPER_DIR; };
		A43FB7F918F2A07B007EE96C /* iOS_CalcTests-Info.plist */ = {isa = PBXFileReference; lastKnownFileType = text.plist.xml; path = "iOS_CalcTests-Info.plist"; sourceTree = "<group>"; };
		A43FB7FB18F2A07B007EE96C /* en */ = {isa = PBXFileReference; lastKnownFileType = text.plist.strings; name = en; path = en.lproj/InfoPlist.strings; sourceTree = "<group>"; };
		A43FB7FD18F2A07B007EE96C /* iOS_CalcTests.m */ = {isa = PBXFileReference; lastKnownFileType = sourcecode.c.objc; path = iOS_CalcTests.m; sourceTree = "<group>"; };
		A43FB80718F2A7FD007EE96C /* GWCoreCalculator.h */ = {isa = PBXFileReference; fileEncoding = 4; lastKnownFileType = sourcecode.c.h; path = GWCoreCalculator.h; sourceTree = "<group>"; };
		A43FB80818F2A7FD007EE96C /* GWCoreCalculator.m */ = {isa = PBXFileReference; fileEncoding = 4; lastKnownFileType = sourcecode.c.objc; path = GWCoreCalculator.m; sourceTree = "<group>"; };
		A4BCCFC618F2EF02008EF6E1 /* GWNumNode.h */ = {isa = PBXFileReference; fileEncoding = 4; lastKnownFileType = sourcecode.c.h; path = GWNumNode.h; sourceTree = "<group>"; };
		A4BCCFC718F2EF02008EF6E1 /* GWNumNode.m */ = {isa = PBXFileReference; fileEncoding = 4; lastKnownFileType = sourcecode.c.objc; path = GWNumNode.m; sourceTree = "<group>"; };
/* End PBXFileReference section */

/* Begin PBXFrameworksBuildPhase section */
		A43FB7CC18F2A07B007EE96C /* Frameworks */ = {
			isa = PBXFrameworksBuildPhase;
			buildActionMask = 2147483647;
			files = (
				A43FB7D518F2A07B007EE96C /* CoreGraphics.framework in Frameworks */,
				A43FB7D718F2A07B007EE96C /* UIKit.framework in Frameworks */,
				A43FB7D318F2A07B007EE96C /* Foundation.framework in Frameworks */,
			);
			runOnlyForDeploymentPostprocessing = 0;
		};
		A43FB7ED18F2A07B007EE96C /* Frameworks */ = {
			isa = PBXFrameworksBuildPhase;
			buildActionMask = 2147483647;
			files = (
				A43FB7F218F2A07B007EE96C /* XCTest.framework in Frameworks */,
				A43FB7F418F2A07B007EE96C /* UIKit.framework in Frameworks */,
				A43FB7F318F2A07B007EE96C /* Foundation.framework in Frameworks */,
			);
			runOnlyForDeploymentPostprocessing = 0;
		};
/* End PBXFrameworksBuildPhase section */

/* Begin PBXGroup section */
		A43FB7C618F2A07B007EE96C = {
			isa = PBXGroup;
			children = (
				A43FB7D818F2A07B007EE96C /* iOS_Calc */,
				A43FB7F718F2A07B007EE96C /* iOS_CalcTests */,
				A43FB7D118F2A07B007EE96C /* Frameworks */,
				A43FB7D018F2A07B007EE96C /* Products */,
			);
			sourceTree = "<group>";
		};
		A43FB7D018F2A07B007EE96C /* Products */ = {
			isa = PBXGroup;
			children = (
				A43FB7CF18F2A07B007EE96C /* iOS_Calc.app */,
				A43FB7F018F2A07B007EE96C /* iOS_CalcTests.xctest */,
			);
			name = Products;
			sourceTree = "<group>";
		};
		A43FB7D118F2A07B007EE96C /* Frameworks */ = {
			isa = PBXGroup;
			children = (
				A43FB7D218F2A07B007EE96C /* Foundation.framework */,
				A43FB7D418F2A07B007EE96C /* CoreGraphics.framework */,
				A43FB7D618F2A07B007EE96C /* UIKit.framework */,
				A43FB7F118F2A07B007EE96C /* XCTest.framework */,
			);
			name = Frameworks;
			sourceTree = "<group>";
		};
		A43FB7D818F2A07B007EE96C /* iOS_Calc */ = {
			isa = PBXGroup;
			children = (
				A43FB7E118F2A07B007EE96C /* GWAppDelegate.h */,
				A43FB7E218F2A07B007EE96C /* GWAppDelegate.m */,
				A43FB7E418F2A07B007EE96C /* Main.storyboard */,
				A43FB80718F2A7FD007EE96C /* GWCoreCalculator.h */,
				A43FB80818F2A7FD007EE96C /* GWCoreCalculator.m */,
				A4BCCFC618F2EF02008EF6E1 /* GWNumNode.h */,
				A4BCCFC718F2EF02008EF6E1 /* GWNumNode.m */,
				A43FB7E718F2A07B007EE96C /* GWViewController.h */,
				A43FB7E818F2A07B007EE96C /* GWViewController.m */,
				A43FB7EA18F2A07B007EE96C /* Images.xcassets */,
				A43FB7D918F2A07B007EE96C /* Supporting Files */,
			);
			path = iOS_Calc;
			sourceTree = "<group>";
		};
		A43FB7D918F2A07B007EE96C /* Supporting Files */ = {
			isa = PBXGroup;
			children = (
				A43FB7DA18F2A07B007EE96C /* iOS_Calc-Info.plist */,
				A43FB7DB18F2A07B007EE96C /* InfoPlist.strings */,
				A43FB7DE18F2A07B007EE96C /* main.m */,
				A43FB7E018F2A07B007EE96C /* iOS_Calc-Prefix.pch */,
			);
			name = "Supporting Files";
			sourceTree = "<group>";
		};
		A43FB7F718F2A07B007EE96C /* iOS_CalcTests */ = {
			isa = PBXGroup;
			children = (
				A43FB7FD18F2A07B007EE96C /* iOS_CalcTests.m */,
				A43FB7F818F2A07B007EE96C /* Supporting Files */,
			);
			path = iOS_CalcTests;
			sourceTree = "<group>";
		};
		A43FB7F818F2A07B007EE96C /* Supporting Files */ = {
			isa = PBXGroup;
			children = (
				A43FB7F918F2A07B007EE96C /* iOS_CalcTests-Info.plist */,
				A43FB7FA18F2A07B007EE96C /* InfoPlist.strings */,
			);
			name = "Supporting Files";
			sourceTree = "<group>";
		};
/* End PBXGroup section */

/* Begin PBXNativeTarget section */
		A43FB7CE18F2A07B007EE96C /* iOS_Calc */ = {
			isa = PBXNativeTarget;
			buildConfigurationList = A43FB80118F2A07B007EE96C /* Build configuration list for PBXNativeTarget "iOS_Calc" */;
			buildPhases = (
				A43FB7CB18F2A07B007EE96C /* Sources */,
				A43FB7CC18F2A07B007EE96C /* Frameworks */,
				A43FB7CD18F2A07B007EE96C /* Resources */,
			);
			buildRules = (
			);
			dependencies = (
			);
			name = iOS_Calc;
			productName = iOS_Calc;
			productReference = A43FB7CF18F2A07B007EE96C /* iOS_Calc.app */;
			productType = "com.apple.product-type.application";
		};
		A43FB7EF18F2A07B007EE96C /* iOS_CalcTests */ = {
			isa = PBXNativeTarget;
			buildConfigurationList = A43FB80418F2A07B007EE96C /* Build configuration list for PBXNativeTarget "iOS_CalcTests" */;
			buildPhases = (
				A43FB7EC18F2A07B007EE96C /* Sources */,
				A43FB7ED18F2A07B007EE96C /* Frameworks */,
				A43FB7EE18F2A07B007EE96C /* Resources */,
			);
			buildRules = (
			);
			dependencies = (
				A43FB7F618F2A07B007EE96C /* PBXTargetDependency */,
			);
			name = iOS_CalcTests;
			productName = iOS_CalcTests;
			productReference = A43FB7F018F2A07B007EE96C /* iOS_CalcTests.xctest */;
			productType = "com.apple.product-type.bundle.unit-test";
		};
/* End PBXNativeTarget section */

/* Begin PBXProject section */
		A43FB7C718F2A07B007EE96C /* Project object */ = {
			isa = PBXProject;
			attributes = {
				CLASSPREFIX = GW;
				LastUpgradeCheck = 0510;
				ORGANIZATIONNAME = pnu;
				TargetAttributes = {
					A43FB7EF18F2A07B007EE96C = {
						TestTargetID = A43FB7CE18F2A07B007EE96C;
					};
				};
			};
			buildConfigurationList = A43FB7CA18F2A07B007EE96C /* Build configuration list for PBXProject "iOS_Calc" */;
			compatibilityVersion = "Xcode 3.2";
			developmentRegion = English;
			hasScannedForEncodings = 0;
			knownRegions = (
				en,
				Base,
			);
			mainGroup = A43FB7C618F2A07B007EE96C;
			productRefGroup = A43FB7D018F2A07B007EE96C /* Products */;
			projectDirPath = "";
			projectRoot = "";
			targets = (
				A43FB7CE18F2A07B007EE96C /* iOS_Calc */,
				A43FB7EF18F2A07B007EE96C /* iOS_CalcTests */,
			);
		};
/* End PBXProject section */

/* Begin PBXResourcesBuildPhase section */
		A43FB7CD18F2A07B007EE96C /* Resources */ = {
			isa = PBXResourcesBuildPhase;
			buildActionMask = 2147483647;
			files = (
				A43FB7EB18F2A07B007EE96C /* Images.xcassets in Resources */,
				A43FB7DD18F2A07B007EE96C /* InfoPlist.strings in Resources */,
				A43FB7E618F2A07B007EE96C /* Main.storyboard in Resources */,
			);
			runOnlyForDeploymentPostprocessing = 0;
		};
		A43FB7EE18F2A07B007EE96C /* Resources */ = {
			isa = PBXResourcesBuildPhase;
			buildActionMask = 2147483647;
			files = (
				A43FB7FC18F2A07B007EE96C /* InfoPlist.strings in Resources */,
			);
			runOnlyForDeploymentPostprocessing = 0;
		};
/* End PBXResourcesBuildPhase section */

/* Begin PBXSourcesBuildPhase section */
		A43FB7CB18F2A07B007EE96C /* Sources */ = {
			isa = PBXSourcesBuildPhase;
			buildActionMask = 2147483647;
			files = (
				A4BCCFC818F2EF02008EF6E1 /* GWNumNode.m in Sources */,
				A43FB7E318F2A07B007EE96C /* GWAppDelegate.m in Sources */,
				A43FB7E918F2A07B007EE96C /* GWViewController.m in Sources */,
				A43FB80918F2A7FD007EE96C /* GWCoreCalculator.m in Sources */,
				A43FB7DF18F2A07B007EE96C /* main.m in Sources */,
			);
			runOnlyForDeploymentPostprocessing = 0;
		};
		A43FB7EC18F2A07B007EE96C /* Sources */ = {
			isa = PBXSourcesBuildPhase;
			buildActionMask = 2147483647;
			files = (
				A43FB7FE18F2A07B007EE96C /* iOS_CalcTests.m in Sources */,
			);
			runOnlyForDeploymentPostprocessing = 0;
		};
/* End PBXSourcesBuildPhase section */

/* Begin PBXTargetDependency section */
		A43FB7F618F2A07B007EE96C /* PBXTargetDependency */ = {
			isa = PBXTargetDependency;
			target = A43FB7CE18F2A07B007EE96C /* iOS_Calc */;
			targetProxy = A43FB7F518F2A07B007EE96C /* PBXContainerItemProxy */;
		};
/* End PBXTargetDependency section */

/* Begin PBXVariantGroup section */
		A43FB7DB18F2A07B007EE96C /* InfoPlist.strings */ = {
			isa = PBXVariantGroup;
			children = (
				A43FB7DC18F2A07B007EE96C /* en */,
			);
			name = InfoPlist.strings;
			sourceTree = "<group>";
		};
		A43FB7E418F2A07B007EE96C /* Main.storyboard */ = {
			isa = PBXVariantGroup;
			children = (
				A43FB7E518F2A07B007EE96C /* Base */,
			);
			name = Main.storyboard;
			sourceTree = "<group>";
		};
		A43FB7FA18F2A07B007EE96C /* InfoPlist.strings */ = {
			isa = PBXVariantGroup;
			children = (
				A43FB7FB18F2A07B007EE96C /* en */,
			);
			name = InfoPlist.strings;
			sourceTree = "<group>";
		};
/* End PBXVariantGroup section */

/* Begin XCBuildConfiguration section */
		A43FB7FF18F2A07B007EE96C /* Debug */ = {
			isa = XCBuildConfiguration;
			buildSettings = {
				ALWAYS_SEARCH_USER_PATHS = NO;
				CLANG_CXX_LANGUAGE_STANDARD = "gnu++0x";
				CLANG_CXX_LIBRARY = "libc++";
				CLANG_ENABLE_MODULES = YES;
				CLANG_ENABLE_OBJC_ARC = YES;
				CLANG_WARN_BOOL_CONVERSION = YES;
				CLANG_WARN_CONSTANT_CONVERSION = YES;
				CLANG_WARN_DIRECT_OBJC_ISA_USAGE = YES_ERROR;
				CLANG_WARN_EMPTY_BODY = YES;
				CLANG_WARN_ENUM_CONVERSION = YES;
				CLANG_WARN_INT_CONVERSION = YES;
				CLANG_WARN_OBJC_ROOT_CLASS = YES_ERROR;
				CLANG_WARN__DUPLICATE_METHOD_MATCH = YES;
				"CODE_SIGN_IDENTITY[sdk=iphoneos*]" = "iPhone Developer";
				COPY_PHASE_STRIP = NO;
				GCC_C_LANGUAGE_STANDARD = gnu99;
				GCC_DYNAMIC_NO_PIC = NO;
				GCC_OPTIMIZATION_LEVEL = 0;
				GCC_PREPROCESSOR_DEFINITIONS = (
					"DEBUG=1",
					"$(inherited)",
				);
				GCC_SYMBOLS_PRIVATE_EXTERN = NO;
				GCC_WARN_64_TO_32_BIT_CONVERSION = YES;
				GCC_WARN_ABOUT_RETURN_TYPE = YES_ERROR;
				GCC_WARN_UNDECLARED_SELECTOR = YES;
				GCC_WARN_UNINITIALIZED_AUTOS = YES_AGGRESSIVE;
				GCC_WARN_UNUSED_FUNCTION = YES;
				GCC_WARN_UNUSED_VARIABLE = YES;
				IPHONEOS_DEPLOYMENT_TARGET = 7.1;
				ONLY_ACTIVE_ARCH = YES;
				SDKROOT = iphoneos;
			};
			name = Debug;
		};
		A43FB80018F2A07B007EE96C /* Release */ = {
			isa = XCBuildConfiguration;
			buildSettings = {
				ALWAYS_SEARCH_USER_PATHS = NO;
				CLANG_CXX_LANGUAGE_STANDARD = "gnu++0x";
				CLANG_CXX_LIBRARY = "libc++";
				CLANG_ENABLE_MODULES = YES;
				CLANG_ENABLE_OBJC_ARC = YES;
				CLANG_WARN_BOOL_CONVERSION = YES;
				CLANG_WARN_CONSTANT_CONVERSION = YES;
				CLANG_WARN_DIRECT_OBJC_ISA_USAGE = YES_ERROR;
				CLANG_WARN_EMPTY_BODY = YES;
				CLANG_WARN_ENUM_CONVERSION = YES;
				CLANG_WARN_INT_CONVERSION = YES;
				CLANG_WARN_OBJC_ROOT_CLASS = YES_ERROR;
				CLANG_WARN__DUPLICATE_METHOD_MATCH = YES;
				"CODE_SIGN_IDENTITY[sdk=iphoneos*]" = "iPhone Developer";
				COPY_PHASE_STRIP = YES;
				ENABLE_NS_ASSERTIONS = NO;
				GCC_C_LANGUAGE_STANDARD = gnu99;
				GCC_WARN_64_TO_32_BIT_CONVERSION = YES;
				GCC_WARN_ABOUT_RETURN_TYPE = YES_ERROR;
				GCC_WARN_UNDECLARED_SELECTOR = YES;
				GCC_WARN_UNINITIALIZED_AUTOS = YES_AGGRESSIVE;
				GCC_WARN_UNUSED_FUNCTION = YES;
				GCC_WARN_UNUSED_VARIABLE = YES;
				IPHONEOS_DEPLOYMENT_TARGET = 7.1;
				SDKROOT = iphoneos;
				VALIDATE_PRODUCT = YES;
			};
			name = Release;
		};
		A43FB80218F2A07B007EE96C /* Debug */ = {
			isa = XCBuildConfiguration;
			buildSettings = {
				ASSETCATALOG_COMPILER_APPICON_NAME = AppIcon;
				ASSETCATALOG_COMPILER_LAUNCHIMAGE_NAME = LaunchImage;
				GCC_PRECOMPILE_PREFIX_HEADER = YES;
				GCC_PREFIX_HEADER = "iOS_Calc/iOS_Calc-Prefix.pch";
				INFOPLIST_FILE = "iOS_Calc/iOS_Calc-Info.plist";
				PRODUCT_NAME = "$(TARGET_NAME)";
				WRAPPER_EXTENSION = app;
			};
			name = Debug;
		};
		A43FB80318F2A07B007EE96C /* Release */ = {
			isa = XCBuildConfiguration;
			buildSettings = {
				ASSETCATALOG_COMPILER_APPICON_NAME = AppIcon;
				ASSETCATALOG_COMPILER_LAUNCHIMAGE_NAME = LaunchImage;
				GCC_PRECOMPILE_PREFIX_HEADER = YES;
				GCC_PREFIX_HEADER = "iOS_Calc/iOS_Calc-Prefix.pch";
				INFOPLIST_FILE = "iOS_Calc/iOS_Calc-Info.plist";
				PRODUCT_NAME = "$(TARGET_NAME)";
				WRAPPER_EXTENSION = app;
			};
			name = Release;
		};
		A43FB80518F2A07B007EE96C /* Debug */ = {
			isa = XCBuildConfiguration;
			buildSettings = {
				BUNDLE_LOADER = "$(BUILT_PRODUCTS_DIR)/iOS_Calc.app/iOS_Calc";
				FRAMEWORK_SEARCH_PATHS = (
					"$(SDKROOT)/Developer/Library/Frameworks",
					"$(inherited)",
					"$(DEVELOPER_FRAMEWORKS_DIR)",
				);
				GCC_PRECOMPILE_PREFIX_HEADER = YES;
				GCC_PREFIX_HEADER = "iOS_Calc/iOS_Calc-Prefix.pch";
				GCC_PREPROCESSOR_DEFINITIONS = (
					"DEBUG=1",
					"$(inherited)",
				);
				INFOPLIST_FILE = "iOS_CalcTests/iOS_CalcTests-Info.plist";
				PRODUCT_NAME = "$(TARGET_NAME)";
				TEST_HOST = "$(BUNDLE_LOADER)";
				WRAPPER_EXTENSION = xctest;
			};
			name = Debug;
		};
		A43FB80618F2A07B007EE96C /* Release */ = {
			isa = XCBuildConfiguration;
			buildSettings = {
				BUNDLE_LOADER = "$(BUILT_PRODUCTS_DIR)/iOS_Calc.app/iOS_Calc";
				FRAMEWORK_SEARCH_PATHS = (
					"$(SDKROOT)/Developer/Library/Frameworks",
					"$(inherited)",
					"$(DEVELOPER_FRAMEWORKS_DIR)",
				);
				GCC_PRECOMPILE_PREFIX_HEADER = YES;
				GCC_PREFIX_HEADER = "iOS_Calc/iOS_Calc-Prefix.pch";
				INFOPLIST_FILE = "iOS_CalcTests/iOS_CalcTests-Info.plist";
				PRODUCT_NAME = "$(TARGET_NAME)";
				TEST_HOST = "$(BUNDLE_LOADER)";
				WRAPPER_EXTENSION = xctest;
			};
			name = Release;
		};
/* End XCBuildConfiguration section */

/* Begin XCConfigurationList section */
		A43FB7CA18F2A07B007EE96C /* Build configuration list for PBXProject "iOS_Calc" */ = {
			isa = XCConfigurationList;
			buildConfigurations = (
				A43FB7FF18F2A07B007EE96C /* Debug */,
				A43FB80018F2A07B007EE96C /* Release */,
			);
			defaultConfigurationIsVisible = 0;
			defaultConfigurationName = Release;
		};
		A43FB80118F2A07B007EE96C /* Build configuration list for PBXNativeTarget "iOS_Calc" */ = {
			isa = XCConfigurationList;
			buildConfigurations = (
				A43FB80218F2A07B007EE96C /* Debug */,
				A43FB80318F2A07B007EE96C /* Release */,
			);
			defaultConfigurationIsVisible = 0;
			defaultConfigurationName = Release;
		};
		A43FB80418F2A07B007EE96C /* Build configuration list for PBXNativeTarget "iOS_CalcTests" */ = {
			isa = XCConfigurationList;
			buildConfigurations = (
				A43FB80518F2A07B007EE96C /* Debug */,
				A43FB80618F2A07B007EE96C /* Release */,
			);
			defaultConfigurationIsVisible = 0;
			defaultConfigurationName = Release;
		};
/* End XCConfigurationList section */
	};
	rootObject = A43FB7C718F2A07B007EE96C /* Project object */;
}
